{
  "pins" : [
    {
      "identity" : "bnbeffectplayer",
      "kind" : "remoteSourceControl",
      "location" : "https://github.com/sdk-banuba/BNBEffectPlayer.git",
      "state" : {
        "revision" : "4abc9c5795602a24ea33cbe66c2980d80a840ec5",
        "version" : "1.17.0"
      }
    },
    {
      "identity" : "bnbhands",
      "kind" : "remoteSourceControl",
      "location" : "https://github.com/sdk-banuba/BNBHands.git",
      "state" : {
        "revision" : "f2a95bdc309bf7a2bddb05cada9d2ec0886143ff",
        "version" : "1.17.0"
      }
    },
    {
      "identity" : "bnbscripting",
      "kind" : "remoteSourceControl",
      "location" : "https://github.com/sdk-banuba/BNBScripting.git",
      "state" : {
        "revision" : "0f057c839c3491682893bc8bb785c145b3f8925c",
        "version" : "1.17.0"
      }
    },
    {
      "identity" : "bnbsdkapi",
      "kind" : "remoteSourceControl",
      "location" : "https://github.com/sdk-banuba/BNBSdkApi.git",
      "state" : {
        "revision" : "7659a7aee61cc065359937781e13c8d89cf38c2d",
        "version" : "1.17.0"
      }
    },
    {
      "identity" : "bnbsdkcore",
      "kind" : "remoteSourceControl",
      "location" : "https://github.com/sdk-banuba/BNBSdkCore.git",
      "state" : {
        "revision" : "811278aeee0536ee6930fa94e6df8c469db23248",
        "version" : "1.17.0"
      }
    },
    {
      "identity" : "bnbwatch",
      "kind" : "remoteSourceControl",
      "location" : "https://github.com/sdk-banuba/BNBWatch.git",
      "state" : {
        "revision" : "064a8d2862dce184c32940c123fea3fb8f3dde0c",
        "version" : "1.17.0"
      }
    }
  ],
  "version" : 3
}
