{
  "originHash" : "7848908adde926332ec5030b59643f6c6a34ed22712b3180accbf31dc4a37d0a",
  "pins" : [
    {
      "identity" : "agorainfra_ios",
      "kind" : "remoteSourceControl",
      "location" : "https://github.com/AgoraIO/AgoraInfra_iOS.git",
      "state" : {
        "revision" : "c2781d81a1ac78b94fefd53171975acb426b6ac5",
        "version" : "1.2.13"
      }
    },
    {
      "identity" : "agorartcengine_ios",
      "kind" : "remoteSourceControl",
      "location" : "https://github.com/AgoraIO/AgoraRtcEngine_iOS",
      "state" : {
        "revision" : "515a9f30c228665cd6cdadc46ae62c04de6ba5c2",
        "version" : "4.5.2"
      }
    },
    {
      "identity" : "bnbbackground",
      "kind" : "remoteSourceControl",
      "location" : "https://github.com/sdk-banuba/BNBBackground.git",
      "state" : {
        "revision" : "b0217864c126f8d645077442a523a3024a38dee3",
        "version" : "1.17.4"
      }
    },
    {
      "identity" : "bnbeffectplayer",
      "kind" : "remoteSourceControl",
      "location" : "https://github.com/sdk-banuba/BNBEffectPlayer.git",
      "state" : {
        "revision" : "4fc202304d112b649cbd0d713d6f3dfa27b2903d",
        "version" : "1.17.4"
      }
    },
    {
      "identity" : "bnbfacetracker",
      "kind" : "remoteSourceControl",
      "location" : "https://github.com/sdk-banuba/BNBFaceTracker.git",
      "state" : {
        "revision" : "58be651a6c6ae4cabd9ba817a724a9ed8a1a3a1d",
        "version" : "1.17.4"
      }
    },
    {
      "identity" : "bnblips",
      "kind" : "remoteSourceControl",
      "location" : "https://github.com/sdk-banuba/BNBLips.git",
      "state" : {
        "revision" : "a9b24a3c3a2380dc36c70f5002cb0c57a0a8f59f",
        "version" : "1.17.4"
      }
    },
    {
      "identity" : "bnbscripting",
      "kind" : "remoteSourceControl",
      "location" : "https://github.com/sdk-banuba/BNBScripting.git",
      "state" : {
        "revision" : "b61655e9de3d0f55ef8c082edb32f3e541c9afa2",
        "version" : "1.17.4"
      }
    },
    {
      "identity" : "bnbsdkapi",
      "kind" : "remoteSourceControl",
      "location" : "https://github.com/sdk-banuba/BNBSdkApi.git",
      "state" : {
        "revision" : "3998c6083005a3404beb588004a679df70dc52b5",
        "version" : "1.17.4"
      }
    },
    {
      "identity" : "bnbsdkcore",
      "kind" : "remoteSourceControl",
      "location" : "https://github.com/sdk-banuba/BNBSdkCore.git",
      "state" : {
        "revision" : "0d773e43bd0c47e0bec01b117ed193f21f8d2e26",
        "version" : "1.17.4"
      }
    }
  ],
  "version" : 3
}
