{
  "pins" : [
    {
      "identity" : "bnbeffectplayer",
      "kind" : "remoteSourceControl",
      "location" : "https://github.com/sdk-banuba/BNBEffectPlayer.git",
      "state" : {
        "revision" : "4a00b5f4c39f0a31a3f265061224add7e6e141f4",
        "version" : "1.13.0"
      }
    },
    {
      "identity" : "bnbfacetracker",
      "kind" : "remoteSourceControl",
      "location" : "https://github.com/sdk-banuba/BNBFaceTracker.git",
      "state" : {
        "revision" : "6f12f5b04260ffce01d36b156a79231d5705c4fb",
        "version" : "1.13.0"
      }
    },
    {
      "identity" : "bnbscripting",
      "kind" : "remoteSourceControl",
      "location" : "https://github.com/sdk-banuba/BNBScripting.git",
      "state" : {
        "revision" : "f3102369869d9e5c2837c08dbb6ac5c84d573f30",
        "version" : "1.13.0"
      }
    },
    {
      "identity" : "bnbsdkapi",
      "kind" : "remoteSourceControl",
      "location" : "https://github.com/sdk-banuba/BNBSdkApi.git",
      "state" : {
        "revision" : "329f182eb3d0269944b032936bd2d14c2c8b73c3",
        "version" : "1.13.0"
      }
    },
    {
      "identity" : "bnbsdkcore",
      "kind" : "remoteSourceControl",
      "location" : "https://github.com/sdk-banuba/BNBSdkCore.git",
      "state" : {
        "revision" : "1b162bf1060bb38f8ad9ff306c2b5ad5dbbcd411",
        "version" : "1.13.0"
      }
    }
  ],
  "version" : 2
}
