// !$*UTF8*$!
{
	archiveVersion = 1;
	classes = {
	};
	objectVersion = 56;
	objects = {

/* Begin PBXBuildFile section */
		1383E9962BCE98D400660AE3 /* ViewController.swift in Sources */ = {isa = PBXBuildFile; fileRef = 1383E9952BCE98D400660AE3 /* ViewController.swift */; };
		1383E9992BCE98D400660AE3 /* Main.storyboard in Resources */ = {isa = PBXBuildFile; fileRef = 1383E9972BCE98D400660AE3 /* Main.storyboard */; };
		1383E9B72BCE9FFF00660AE3 /* LaunchScreen.storyboard in Resources */ = {isa = PBXBuildFile; fileRef = 1383E9B52BCE9FFF00660AE3 /* LaunchScreen.storyboard */; };
		1383E9B92BCEA02300660AE3 /* libcommon.a in Frameworks */ = {isa = PBXBuildFile; fileRef = 1383E9AF2BCE9F5500660AE3 /* libcommon.a */; };
		1383E9C62BCEB91700660AE3 /* effects in Resources */ = {isa = PBXBuildFile; fileRef = 1383E9C52BCEB91700660AE3 /* effects */; };
		1389283D2BD67C0000E94AD2 /* ViewModel.swift in Sources */ = {isa = PBXBuildFile; fileRef = 1389283C2BD67C0000E94AD2 /* ViewModel.swift */; };
		138928402BD67CFE00E94AD2 /* AIAEC in Frameworks */ = {isa = PBXBuildFile; productRef = 1389283F2BD67CFE00E94AD2 /* AIAEC */; };
		138928422BD67CFE00E94AD2 /* AINS in Frameworks */ = {isa = PBXBuildFile; productRef = 138928412BD67CFE00E94AD2 /* AINS */; };
		138928442BD67CFE00E94AD2 /* AudioBeauty in Frameworks */ = {isa = PBXBuildFile; productRef = 138928432BD67CFE00E94AD2 /* AudioBeauty */; };
		138928462BD67CFE00E94AD2 /* ClearVision in Frameworks */ = {isa = PBXBuildFile; productRef = 138928452BD67CFE00E94AD2 /* ClearVision */; };
		138928482BD67CFE00E94AD2 /* ContentInspect in Frameworks */ = {isa = PBXBuildFile; productRef = 138928472BD67CFE00E94AD2 /* ContentInspect */; };
		1389284A2BD67CFE00E94AD2 /* FaceCapture in Frameworks */ = {isa = PBXBuildFile; productRef = 138928492BD67CFE00E94AD2 /* FaceCapture */; };
		1389284C2BD67CFE00E94AD2 /* FaceDetection in Frameworks */ = {isa = PBXBuildFile; productRef = 1389284B2BD67CFE00E94AD2 /* FaceDetection */; };
		1389284E2BD67CFE00E94AD2 /* ReplayKit in Frameworks */ = {isa = PBXBuildFile; productRef = 1389284D2BD67CFE00E94AD2 /* ReplayKit */; };
		138928502BD67CFE00E94AD2 /* RtcBasic in Frameworks */ = {isa = PBXBuildFile; productRef = 1389284F2BD67CFE00E94AD2 /* RtcBasic */; };
		138928522BD67CFE00E94AD2 /* SpatialAudio in Frameworks */ = {isa = PBXBuildFile; productRef = 138928512BD67CFE00E94AD2 /* SpatialAudio */; };
		138928542BD67CFE00E94AD2 /* VQA in Frameworks */ = {isa = PBXBuildFile; productRef = 138928532BD67CFE00E94AD2 /* VQA */; };
		138928562BD67CFE00E94AD2 /* VideoAv1CodecDec in Frameworks */ = {isa = PBXBuildFile; productRef = 138928552BD67CFE00E94AD2 /* VideoAv1CodecDec */; };
		138928582BD67CFE00E94AD2 /* VideoCodecDec in Frameworks */ = {isa = PBXBuildFile; productRef = 138928572BD67CFE00E94AD2 /* VideoCodecDec */; };
		1389285A2BD67CFE00E94AD2 /* VideoCodecEnc in Frameworks */ = {isa = PBXBuildFile; productRef = 138928592BD67CFE00E94AD2 /* VideoCodecEnc */; };
		1389285C2BD67CFE00E94AD2 /* VirtualBackground in Frameworks */ = {isa = PBXBuildFile; productRef = 1389285B2BD67CFE00E94AD2 /* VirtualBackground */; };
		138928672BD67D8600E94AD2 /* UIColor+Utils.swift in Sources */ = {isa = PBXBuildFile; fileRef = 1389285E2BD67D8600E94AD2 /* UIColor+Utils.swift */; };
		138928682BD67D8600E94AD2 /* UICollectionView+Extension.swift in Sources */ = {isa = PBXBuildFile; fileRef = 1389285F2BD67D8600E94AD2 /* UICollectionView+Extension.swift */; };
		1389286A2BD67D8600E94AD2 /* EffectConfig.swift in Sources */ = {isa = PBXBuildFile; fileRef = 138928622BD67D8600E94AD2 /* EffectConfig.swift */; };
		1389286B2BD67D8600E94AD2 /* EffectPreviewCell.swift in Sources */ = {isa = PBXBuildFile; fileRef = 138928642BD67D8600E94AD2 /* EffectPreviewCell.swift */; };
		1389286C2BD67D8600E94AD2 /* EffectPreviewCell.xib in Resources */ = {isa = PBXBuildFile; fileRef = 138928652BD67D8600E94AD2 /* EffectPreviewCell.xib */; };
		1389286D2BD67D8600E94AD2 /* ReusableCell.swift in Sources */ = {isa = PBXBuildFile; fileRef = 138928662BD67D8600E94AD2 /* ReusableCell.swift */; };
		1389286F2BD68AE200E94AD2 /* Media.xcassets in Resources */ = {isa = PBXBuildFile; fileRef = 1389286E2BD68AE200E94AD2 /* Media.xcassets */; };
		138928712BD6934300E94AD2 /* README.md in Resources */ = {isa = PBXBuildFile; fileRef = 138928702BD6934300E94AD2 /* README.md */; };
		13C1F9652BD7EFE90081676C /* EffectsFactory.swift in Sources */ = {isa = PBXBuildFile; fileRef = 13C1F9642BD7EFE90081676C /* EffectsFactory.swift */; };
		13D24FC22BF632760016E5A6 /* BNBSdkApi in Frameworks */ = {isa = PBXBuildFile; productRef = 13D24FC12BF632760016E5A6 /* BNBSdkApi */; };
		13D24FC52BF632830016E5A6 /* BNBFaceTracker in Frameworks */ = {isa = PBXBuildFile; productRef = 13D24FC42BF632830016E5A6 /* BNBFaceTracker */; };
		13D24FC82BF6328D0016E5A6 /* BNBBackground in Frameworks */ = {isa = PBXBuildFile; productRef = 13D24FC72BF6328D0016E5A6 /* BNBBackground */; };
		13D24FCB2BF6330B0016E5A6 /* BNBLips in Frameworks */ = {isa = PBXBuildFile; productRef = 13D24FCA2BF6330B0016E5A6 /* BNBLips */; };
/* End PBXBuildFile section */

/* Begin PBXContainerItemProxy section */
		1383E9AE2BCE9F5500660AE3 /* PBXContainerItemProxy */ = {
			isa = PBXContainerItemProxy;
			containerPortal = 1383E9A52BCE9F5100660AE3 /* common.xcodeproj */;
			proxyType = 2;
			remoteGlobalIDString = 1383E97B2BCE968400660AE3;
			remoteInfo = common;
		};
/* End PBXContainerItemProxy section */

/* Begin PBXFileReference section */
		1383E98E2BCE98D400660AE3 /* videocall.app */ = {isa = PBXFileReference; explicitFileType = wrapper.application; includeInIndex = 0; path = videocall.app; sourceTree = BUILT_PRODUCTS_DIR; };
		1383E9952BCE98D400660AE3 /* ViewController.swift */ = {isa = PBXFileReference; lastKnownFileType = sourcecode.swift; path = ViewController.swift; sourceTree = "<group>"; };
		1383E9982BCE98D400660AE3 /* Base */ = {isa = PBXFileReference; lastKnownFileType = file.storyboard; name = Base; path = Base.lproj/Main.storyboard; sourceTree = "<group>"; };
		1383E99F2BCE98D500660AE3 /* Info.plist */ = {isa = PBXFileReference; lastKnownFileType = text.plist.xml; path = Info.plist; sourceTree = "<group>"; };
		1383E9A52BCE9F5100660AE3 /* common.xcodeproj */ = {isa = PBXFileReference; lastKnownFileType = "wrapper.pb-project"; name = common.xcodeproj; path = ../common/common.xcodeproj; sourceTree = "<group>"; };
		1383E9B62BCE9FFF00660AE3 /* Base */ = {isa = PBXFileReference; lastKnownFileType = file.storyboard; name = Base; path = ../../common/common/Base.lproj/LaunchScreen.storyboard; sourceTree = "<group>"; };
		1383E9C52BCEB91700660AE3 /* effects */ = {isa = PBXFileReference; lastKnownFileType = folder; name = effects; path = ../../common/common/effects; sourceTree = "<group>"; };
		1389283C2BD67C0000E94AD2 /* ViewModel.swift */ = {isa = PBXFileReference; lastKnownFileType = sourcecode.swift; path = ViewModel.swift; sourceTree = "<group>"; };
		1389285E2BD67D8600E94AD2 /* UIColor+Utils.swift */ = {isa = PBXFileReference; fileEncoding = 4; lastKnownFileType = sourcecode.swift; path = "UIColor+Utils.swift"; sourceTree = "<group>"; };
		1389285F2BD67D8600E94AD2 /* UICollectionView+Extension.swift */ = {isa = PBXFileReference; fileEncoding = 4; lastKnownFileType = sourcecode.swift; path = "UICollectionView+Extension.swift"; sourceTree = "<group>"; };
		138928622BD67D8600E94AD2 /* EffectConfig.swift */ = {isa = PBXFileReference; fileEncoding = 4; lastKnownFileType = sourcecode.swift; path = EffectConfig.swift; sourceTree = "<group>"; };
		138928642BD67D8600E94AD2 /* EffectPreviewCell.swift */ = {isa = PBXFileReference; fileEncoding = 4; lastKnownFileType = sourcecode.swift; path = EffectPreviewCell.swift; sourceTree = "<group>"; };
		138928652BD67D8600E94AD2 /* EffectPreviewCell.xib */ = {isa = PBXFileReference; fileEncoding = 4; lastKnownFileType = file.xib; path = EffectPreviewCell.xib; sourceTree = "<group>"; };
		138928662BD67D8600E94AD2 /* ReusableCell.swift */ = {isa = PBXFileReference; fileEncoding = 4; lastKnownFileType = sourcecode.swift; path = ReusableCell.swift; sourceTree = "<group>"; };
		1389286E2BD68AE200E94AD2 /* Media.xcassets */ = {isa = PBXFileReference; lastKnownFileType = folder.assetcatalog; path = Media.xcassets; sourceTree = "<group>"; };
		138928702BD6934300E94AD2 /* README.md */ = {isa = PBXFileReference; fileEncoding = 4; lastKnownFileType = net.daringfireball.markdown; path = README.md; sourceTree = "<group>"; };
		13C1F9642BD7EFE90081676C /* EffectsFactory.swift */ = {isa = PBXFileReference; lastKnownFileType = sourcecode.swift; path = EffectsFactory.swift; sourceTree = "<group>"; };
/* End PBXFileReference section */

/* Begin PBXFrameworksBuildPhase section */
		1383E98B2BCE98D400660AE3 /* Frameworks */ = {
			isa = PBXFrameworksBuildPhase;
			buildActionMask = 2147483647;
			files = (
				13D24FC82BF6328D0016E5A6 /* BNBBackground in Frameworks */,
				138928522BD67CFE00E94AD2 /* SpatialAudio in Frameworks */,
				138928462BD67CFE00E94AD2 /* ClearVision in Frameworks */,
				138928402BD67CFE00E94AD2 /* AIAEC in Frameworks */,
				13D24FC22BF632760016E5A6 /* BNBSdkApi in Frameworks */,
				138928482BD67CFE00E94AD2 /* ContentInspect in Frameworks */,
				1389284C2BD67CFE00E94AD2 /* FaceDetection in Frameworks */,
				138928582BD67CFE00E94AD2 /* VideoCodecDec in Frameworks */,
				1389285C2BD67CFE00E94AD2 /* VirtualBackground in Frameworks */,
				138928502BD67CFE00E94AD2 /* RtcBasic in Frameworks */,
				1389285A2BD67CFE00E94AD2 /* VideoCodecEnc in Frameworks */,
				138928562BD67CFE00E94AD2 /* VideoAv1CodecDec in Frameworks */,
				138928542BD67CFE00E94AD2 /* VQA in Frameworks */,
				1383E9B92BCEA02300660AE3 /* libcommon.a in Frameworks */,
				1389284E2BD67CFE00E94AD2 /* ReplayKit in Frameworks */,
				138928442BD67CFE00E94AD2 /* AudioBeauty in Frameworks */,
				13D24FC52BF632830016E5A6 /* BNBFaceTracker in Frameworks */,
				13D24FCB2BF6330B0016E5A6 /* BNBLips in Frameworks */,
				1389284A2BD67CFE00E94AD2 /* FaceCapture in Frameworks */,
				138928422BD67CFE00E94AD2 /* AINS in Frameworks */,
			);
			runOnlyForDeploymentPostprocessing = 0;
		};
/* End PBXFrameworksBuildPhase section */

/* Begin PBXGroup section */
		1383E9852BCE98D400660AE3 = {
			isa = PBXGroup;
			children = (
				138928702BD6934300E94AD2 /* README.md */,
				1383E9A52BCE9F5100660AE3 /* common.xcodeproj */,
				1383E9902BCE98D400660AE3 /* videocall */,
				1383E98F2BCE98D400660AE3 /* Products */,
				1383E9B82BCEA02300660AE3 /* Frameworks */,
			);
			sourceTree = "<group>";
		};
		1383E98F2BCE98D400660AE3 /* Products */ = {
			isa = PBXGroup;
			children = (
				1383E98E2BCE98D400660AE3 /* videocall.app */,
			);
			name = Products;
			sourceTree = "<group>";
		};
		1383E9902BCE98D400660AE3 /* videocall */ = {
			isa = PBXGroup;
			children = (
				1383E9C52BCEB91700660AE3 /* effects */,
				138928632BD67D8600E94AD2 /* Cells */,
				1389285D2BD67D8600E94AD2 /* Helpers */,
				138928602BD67D8600E94AD2 /* Models */,
				1383E9952BCE98D400660AE3 /* ViewController.swift */,
				13C1F9642BD7EFE90081676C /* EffectsFactory.swift */,
				1389283C2BD67C0000E94AD2 /* ViewModel.swift */,
				1383E9B52BCE9FFF00660AE3 /* LaunchScreen.storyboard */,
				1383E9972BCE98D400660AE3 /* Main.storyboard */,
				1383E99F2BCE98D500660AE3 /* Info.plist */,
				1389286E2BD68AE200E94AD2 /* Media.xcassets */,
			);
			path = videocall;
			sourceTree = "<group>";
		};
		1383E9AB2BCE9F5500660AE3 /* Products */ = {
			isa = PBXGroup;
			children = (
				1383E9AF2BCE9F5500660AE3 /* libcommon.a */,
			);
			name = Products;
			sourceTree = "<group>";
		};
		1383E9B82BCEA02300660AE3 /* Frameworks */ = {
			isa = PBXGroup;
			children = (
			);
			name = Frameworks;
			sourceTree = "<group>";
		};
		1389285D2BD67D8600E94AD2 /* Helpers */ = {
			isa = PBXGroup;
			children = (
				1389285E2BD67D8600E94AD2 /* UIColor+Utils.swift */,
				1389285F2BD67D8600E94AD2 /* UICollectionView+Extension.swift */,
			);
			name = Helpers;
			path = ../../common/common/Helpers;
			sourceTree = "<group>";
		};
		138928602BD67D8600E94AD2 /* Models */ = {
			isa = PBXGroup;
			children = (
				138928622BD67D8600E94AD2 /* EffectConfig.swift */,
			);
			name = Models;
			path = ../../common/common/Models;
			sourceTree = "<group>";
		};
		138928632BD67D8600E94AD2 /* Cells */ = {
			isa = PBXGroup;
			children = (
				138928642BD67D8600E94AD2 /* EffectPreviewCell.swift */,
				138928652BD67D8600E94AD2 /* EffectPreviewCell.xib */,
				138928662BD67D8600E94AD2 /* ReusableCell.swift */,
			);
			name = Cells;
			path = ../../common/common/Cells;
			sourceTree = "<group>";
		};
/* End PBXGroup section */

/* Begin PBXNativeTarget section */
		1383E98D2BCE98D400660AE3 /* videocall */ = {
			isa = PBXNativeTarget;
			buildConfigurationList = 1383E9A22BCE98D500660AE3 /* Build configuration list for PBXNativeTarget "videocall" */;
			buildPhases = (
				1383E98A2BCE98D400660AE3 /* Sources */,
				1383E98B2BCE98D400660AE3 /* Frameworks */,
				1383E98C2BCE98D400660AE3 /* Resources */,
			);
			buildRules = (
			);
			dependencies = (
			);
			name = videocall;
			packageProductDependencies = (
				1389283F2BD67CFE00E94AD2 /* AIAEC */,
				138928412BD67CFE00E94AD2 /* AINS */,
				138928432BD67CFE00E94AD2 /* AudioBeauty */,
				138928452BD67CFE00E94AD2 /* ClearVision */,
				138928472BD67CFE00E94AD2 /* ContentInspect */,
				138928492BD67CFE00E94AD2 /* FaceCapture */,
				1389284B2BD67CFE00E94AD2 /* FaceDetection */,
				1389284D2BD67CFE00E94AD2 /* ReplayKit */,
				1389284F2BD67CFE00E94AD2 /* RtcBasic */,
				138928512BD67CFE00E94AD2 /* SpatialAudio */,
				138928532BD67CFE00E94AD2 /* VQA */,
				138928552BD67CFE00E94AD2 /* VideoAv1CodecDec */,
				138928572BD67CFE00E94AD2 /* VideoCodecDec */,
				138928592BD67CFE00E94AD2 /* VideoCodecEnc */,
				1389285B2BD67CFE00E94AD2 /* VirtualBackground */,
				13D24FC12BF632760016E5A6 /* BNBSdkApi */,
				13D24FC42BF632830016E5A6 /* BNBFaceTracker */,
				13D24FC72BF6328D0016E5A6 /* BNBBackground */,
				13D24FCA2BF6330B0016E5A6 /* BNBLips */,
			);
			productName = camera;
			productReference = 1383E98E2BCE98D400660AE3 /* videocall.app */;
			productType = "com.apple.product-type.application";
		};
/* End PBXNativeTarget section */

/* Begin PBXProject section */
		1383E9862BCE98D400660AE3 /* Project object */ = {
			isa = PBXProject;
			attributes = {
				BuildIndependentTargetsInParallel = 1;
				LastSwiftUpdateCheck = 1520;
				LastUpgradeCheck = 1520;
				TargetAttributes = {
					1383E98D2BCE98D400660AE3 = {
						CreatedOnToolsVersion = 15.2;
					};
				};
			};
			buildConfigurationList = 1383E9892BCE98D400660AE3 /* Build configuration list for PBXProject "videocall" */;
			compatibilityVersion = "Xcode 14.0";
			developmentRegion = en;
			hasScannedForEncodings = 0;
			knownRegions = (
				en,
				Base,
			);
			mainGroup = 1383E9852BCE98D400660AE3;
			packageReferences = (
				1389283E2BD67CFE00E94AD2 /* XCRemoteSwiftPackageReference "AgoraRtcEngine_iOS" */,
				13D24FC02BF632760016E5A6 /* XCRemoteSwiftPackageReference "BNBSdkApi" */,
				13D24FC32BF632830016E5A6 /* XCRemoteSwiftPackageReference "BNBFaceTracker" */,
				13D24FC62BF6328D0016E5A6 /* XCRemoteSwiftPackageReference "BNBBackground" */,
				13D24FC92BF6330B0016E5A6 /* XCRemoteSwiftPackageReference "BNBLips" */,
			);
			productRefGroup = 1383E98F2BCE98D400660AE3 /* Products */;
			projectDirPath = "";
			projectReferences = (
				{
					ProductGroup = 1383E9AB2BCE9F5500660AE3 /* Products */;
					ProjectRef = 1383E9A52BCE9F5100660AE3 /* common.xcodeproj */;
				},
			);
			projectRoot = "";
			targets = (
				1383E98D2BCE98D400660AE3 /* videocall */,
			);
		};
/* End PBXProject section */

/* Begin PBXReferenceProxy section */
		1383E9AF2BCE9F5500660AE3 /* libcommon.a */ = {
			isa = PBXReferenceProxy;
			fileType = archive.ar;
			path = libcommon.a;
			remoteRef = 1383E9AE2BCE9F5500660AE3 /* PBXContainerItemProxy */;
			sourceTree = BUILT_PRODUCTS_DIR;
		};
/* End PBXReferenceProxy section */

/* Begin PBXResourcesBuildPhase section */
		1383E98C2BCE98D400660AE3 /* Resources */ = {
			isa = PBXResourcesBuildPhase;
			buildActionMask = 2147483647;
			files = (
				138928712BD6934300E94AD2 /* README.md in Resources */,
				1389286F2BD68AE200E94AD2 /* Media.xcassets in Resources */,
				1383E9C62BCEB91700660AE3 /* effects in Resources */,
				1389286C2BD67D8600E94AD2 /* EffectPreviewCell.xib in Resources */,
				1383E9992BCE98D400660AE3 /* Main.storyboard in Resources */,
				1383E9B72BCE9FFF00660AE3 /* LaunchScreen.storyboard in Resources */,
			);
			runOnlyForDeploymentPostprocessing = 0;
		};
/* End PBXResourcesBuildPhase section */

/* Begin PBXSourcesBuildPhase section */
		1383E98A2BCE98D400660AE3 /* Sources */ = {
			isa = PBXSourcesBuildPhase;
			buildActionMask = 2147483647;
			files = (
				1389286D2BD67D8600E94AD2 /* ReusableCell.swift in Sources */,
				138928682BD67D8600E94AD2 /* UICollectionView+Extension.swift in Sources */,
				138928672BD67D8600E94AD2 /* UIColor+Utils.swift in Sources */,
				1389283D2BD67C0000E94AD2 /* ViewModel.swift in Sources */,
				1389286A2BD67D8600E94AD2 /* EffectConfig.swift in Sources */,
				1383E9962BCE98D400660AE3 /* ViewController.swift in Sources */,
				1389286B2BD67D8600E94AD2 /* EffectPreviewCell.swift in Sources */,
				13C1F9652BD7EFE90081676C /* EffectsFactory.swift in Sources */,
			);
			runOnlyForDeploymentPostprocessing = 0;
		};
/* End PBXSourcesBuildPhase section */

/* Begin PBXVariantGroup section */
		1383E9972BCE98D400660AE3 /* Main.storyboard */ = {
			isa = PBXVariantGroup;
			children = (
				1383E9982BCE98D400660AE3 /* Base */,
			);
			name = Main.storyboard;
			sourceTree = "<group>";
		};
		1383E9B52BCE9FFF00660AE3 /* LaunchScreen.storyboard */ = {
			isa = PBXVariantGroup;
			children = (
				1383E9B62BCE9FFF00660AE3 /* Base */,
			);
			name = LaunchScreen.storyboard;
			sourceTree = "<group>";
		};
/* End PBXVariantGroup section */

/* Begin XCBuildConfiguration section */
		1383E9A02BCE98D500660AE3 /* Debug */ = {
			isa = XCBuildConfiguration;
			buildSettings = {
				ALWAYS_SEARCH_USER_PATHS = NO;
				ASSETCATALOG_COMPILER_GENERATE_SWIFT_ASSET_SYMBOL_EXTENSIONS = YES;
				CLANG_ANALYZER_NONNULL = YES;
				CLANG_ANALYZER_NUMBER_OBJECT_CONVERSION = YES_AGGRESSIVE;
				CLANG_CXX_LANGUAGE_STANDARD = "gnu++20";
				CLANG_ENABLE_MODULES = YES;
				CLANG_ENABLE_OBJC_ARC = YES;
				CLANG_ENABLE_OBJC_WEAK = YES;
				CLANG_WARN_BLOCK_CAPTURE_AUTORELEASING = YES;
				CLANG_WARN_BOOL_CONVERSION = YES;
				CLANG_WARN_COMMA = YES;
				CLANG_WARN_CONSTANT_CONVERSION = YES;
				CLANG_WARN_DEPRECATED_OBJC_IMPLEMENTATIONS = YES;
				CLANG_WARN_DIRECT_OBJC_ISA_USAGE = YES_ERROR;
				CLANG_WARN_DOCUMENTATION_COMMENTS = YES;
				CLANG_WARN_EMPTY_BODY = YES;
				CLANG_WARN_ENUM_CONVERSION = YES;
				CLANG_WARN_INFINITE_RECURSION = YES;
				CLANG_WARN_INT_CONVERSION = YES;
				CLANG_WARN_NON_LITERAL_NULL_CONVERSION = YES;
				CLANG_WARN_OBJC_IMPLICIT_RETAIN_SELF = YES;
				CLANG_WARN_OBJC_LITERAL_CONVERSION = YES;
				CLANG_WARN_OBJC_ROOT_CLASS = YES_ERROR;
				CLANG_WARN_QUOTED_INCLUDE_IN_FRAMEWORK_HEADER = YES;
				CLANG_WARN_RANGE_LOOP_ANALYSIS = YES;
				CLANG_WARN_STRICT_PROTOTYPES = YES;
				CLANG_WARN_SUSPICIOUS_MOVE = YES;
				CLANG_WARN_UNGUARDED_AVAILABILITY = YES_AGGRESSIVE;
				CLANG_WARN_UNREACHABLE_CODE = YES;
				CLANG_WARN__DUPLICATE_METHOD_MATCH = YES;
				COPY_PHASE_STRIP = NO;
				DEBUG_INFORMATION_FORMAT = dwarf;
				ENABLE_STRICT_OBJC_MSGSEND = YES;
				ENABLE_TESTABILITY = YES;
				ENABLE_USER_SCRIPT_SANDBOXING = YES;
				GCC_C_LANGUAGE_STANDARD = gnu17;
				GCC_DYNAMIC_NO_PIC = NO;
				GCC_NO_COMMON_BLOCKS = YES;
				GCC_OPTIMIZATION_LEVEL = 0;
				GCC_PREPROCESSOR_DEFINITIONS = (
					"DEBUG=1",
					"$(inherited)",
				);
				GCC_WARN_64_TO_32_BIT_CONVERSION = YES;
				GCC_WARN_ABOUT_RETURN_TYPE = YES_ERROR;
				GCC_WARN_UNDECLARED_SELECTOR = YES;
				GCC_WARN_UNINITIALIZED_AUTOS = YES_AGGRESSIVE;
				GCC_WARN_UNUSED_FUNCTION = YES;
				GCC_WARN_UNUSED_VARIABLE = YES;
				IPHONEOS_DEPLOYMENT_TARGET = 14.0;
				LOCALIZATION_PREFERS_STRING_CATALOGS = YES;
				MTL_ENABLE_DEBUG_INFO = INCLUDE_SOURCE;
				MTL_FAST_MATH = YES;
				ONLY_ACTIVE_ARCH = YES;
				SDKROOT = iphoneos;
				SWIFT_ACTIVE_COMPILATION_CONDITIONS = "DEBUG $(inherited)";
				SWIFT_OPTIMIZATION_LEVEL = "-Onone";
			};
			name = Debug;
		};
		1383E9A12BCE98D500660AE3 /* Release */ = {
			isa = XCBuildConfiguration;
			buildSettings = {
				ALWAYS_SEARCH_USER_PATHS = NO;
				ASSETCATALOG_COMPILER_GENERATE_SWIFT_ASSET_SYMBOL_EXTENSIONS = YES;
				CLANG_ANALYZER_NONNULL = YES;
				CLANG_ANALYZER_NUMBER_OBJECT_CONVERSION = YES_AGGRESSIVE;
				CLANG_CXX_LANGUAGE_STANDARD = "gnu++20";
				CLANG_ENABLE_MODULES = YES;
				CLANG_ENABLE_OBJC_ARC = YES;
				CLANG_ENABLE_OBJC_WEAK = YES;
				CLANG_WARN_BLOCK_CAPTURE_AUTORELEASING = YES;
				CLANG_WARN_BOOL_CONVERSION = YES;
				CLANG_WARN_COMMA = YES;
				CLANG_WARN_CONSTANT_CONVERSION = YES;
				CLANG_WARN_DEPRECATED_OBJC_IMPLEMENTATIONS = YES;
				CLANG_WARN_DIRECT_OBJC_ISA_USAGE = YES_ERROR;
				CLANG_WARN_DOCUMENTATION_COMMENTS = YES;
				CLANG_WARN_EMPTY_BODY = YES;
				CLANG_WARN_ENUM_CONVERSION = YES;
				CLANG_WARN_INFINITE_RECURSION = YES;
				CLANG_WARN_INT_CONVERSION = YES;
				CLANG_WARN_NON_LITERAL_NULL_CONVERSION = YES;
				CLANG_WARN_OBJC_IMPLICIT_RETAIN_SELF = YES;
				CLANG_WARN_OBJC_LITERAL_CONVERSION = YES;
				CLANG_WARN_OBJC_ROOT_CLASS = YES_ERROR;
				CLANG_WARN_QUOTED_INCLUDE_IN_FRAMEWORK_HEADER = YES;
				CLANG_WARN_RANGE_LOOP_ANALYSIS = YES;
				CLANG_WARN_STRICT_PROTOTYPES = YES;
				CLANG_WARN_SUSPICIOUS_MOVE = YES;
				CLANG_WARN_UNGUARDED_AVAILABILITY = YES_AGGRESSIVE;
				CLANG_WARN_UNREACHABLE_CODE = YES;
				CLANG_WARN__DUPLICATE_METHOD_MATCH = YES;
				COPY_PHASE_STRIP = NO;
				DEBUG_INFORMATION_FORMAT = "dwarf-with-dsym";
				ENABLE_NS_ASSERTIONS = NO;
				ENABLE_STRICT_OBJC_MSGSEND = YES;
				ENABLE_USER_SCRIPT_SANDBOXING = YES;
				GCC_C_LANGUAGE_STANDARD = gnu17;
				GCC_NO_COMMON_BLOCKS = YES;
				GCC_WARN_64_TO_32_BIT_CONVERSION = YES;
				GCC_WARN_ABOUT_RETURN_TYPE = YES_ERROR;
				GCC_WARN_UNDECLARED_SELECTOR = YES;
				GCC_WARN_UNINITIALIZED_AUTOS = YES_AGGRESSIVE;
				GCC_WARN_UNUSED_FUNCTION = YES;
				GCC_WARN_UNUSED_VARIABLE = YES;
				IPHONEOS_DEPLOYMENT_TARGET = 14.0;
				LOCALIZATION_PREFERS_STRING_CATALOGS = YES;
				MTL_ENABLE_DEBUG_INFO = NO;
				MTL_FAST_MATH = YES;
				SDKROOT = iphoneos;
				SWIFT_COMPILATION_MODE = wholemodule;
				VALIDATE_PRODUCT = YES;
			};
			name = Release;
		};
		1383E9A32BCE98D500660AE3 /* Debug */ = {
			isa = XCBuildConfiguration;
			buildSettings = {
				ASSETCATALOG_COMPILER_APPICON_NAME = AppIcon;
				ASSETCATALOG_COMPILER_GLOBAL_ACCENT_COLOR_NAME = AccentColor;
				CODE_SIGN_STYLE = Automatic;
				CURRENT_PROJECT_VERSION = 1;
				DEVELOPMENT_TEAM = NEWUB88C7M;
				GENERATE_INFOPLIST_FILE = YES;
				INFOPLIST_FILE = videocall/Info.plist;
				INFOPLIST_KEY_NSCameraUsageDescription = "We use Camera to create AR effects";
				INFOPLIST_KEY_NSMicrophoneUsageDescription = "Microfone is required for videocall";
				INFOPLIST_KEY_UIApplicationSupportsIndirectInputEvents = YES;
				INFOPLIST_KEY_UILaunchStoryboardName = LaunchScreen.storyboard;
				INFOPLIST_KEY_UIMainStoryboardFile = Main;
				INFOPLIST_KEY_UISupportedInterfaceOrientations_iPad = "UIInterfaceOrientationPortrait UIInterfaceOrientationPortraitUpsideDown UIInterfaceOrientationLandscapeLeft UIInterfaceOrientationLandscapeRight";
				INFOPLIST_KEY_UISupportedInterfaceOrientations_iPhone = "UIInterfaceOrientationPortrait UIInterfaceOrientationLandscapeLeft UIInterfaceOrientationLandscapeRight";
				LD_RUNPATH_SEARCH_PATHS = (
					"$(inherited)",
					"@executable_path/Frameworks",
				);
				MARKETING_VERSION = 1.0;
				PRODUCT_BUNDLE_IDENTIFIER = com.banuba.sdk.videocall;
				PRODUCT_NAME = "$(TARGET_NAME)";
				SWIFT_EMIT_LOC_STRINGS = YES;
				SWIFT_VERSION = 5.0;
				TARGETED_DEVICE_FAMILY = "1,2";
			};
			name = Debug;
		};
		1383E9A42BCE98D500660AE3 /* Release */ = {
			isa = XCBuildConfiguration;
			buildSettings = {
				ASSETCATALOG_COMPILER_APPICON_NAME = AppIcon;
				ASSETCATALOG_COMPILER_GLOBAL_ACCENT_COLOR_NAME = AccentColor;
				CODE_SIGN_STYLE = Automatic;
				CURRENT_PROJECT_VERSION = 1;
				DEVELOPMENT_TEAM = NEWUB88C7M;
				GENERATE_INFOPLIST_FILE = YES;
				INFOPLIST_FILE = videocall/Info.plist;
				INFOPLIST_KEY_NSCameraUsageDescription = "We use Camera to create AR effects";
				INFOPLIST_KEY_NSMicrophoneUsageDescription = "Microfone is required for videocall";
				INFOPLIST_KEY_UIApplicationSupportsIndirectInputEvents = YES;
				INFOPLIST_KEY_UILaunchStoryboardName = LaunchScreen.storyboard;
				INFOPLIST_KEY_UIMainStoryboardFile = Main;
				INFOPLIST_KEY_UISupportedInterfaceOrientations_iPad = "UIInterfaceOrientationPortrait UIInterfaceOrientationPortraitUpsideDown UIInterfaceOrientationLandscapeLeft UIInterfaceOrientationLandscapeRight";
				INFOPLIST_KEY_UISupportedInterfaceOrientations_iPhone = "UIInterfaceOrientationPortrait UIInterfaceOrientationLandscapeLeft UIInterfaceOrientationLandscapeRight";
				LD_RUNPATH_SEARCH_PATHS = (
					"$(inherited)",
					"@executable_path/Frameworks",
				);
				MARKETING_VERSION = 1.0;
				PRODUCT_BUNDLE_IDENTIFIER = com.banuba.sdk.videocall;
				PRODUCT_NAME = "$(TARGET_NAME)";
				SWIFT_EMIT_LOC_STRINGS = YES;
				SWIFT_VERSION = 5.0;
				TARGETED_DEVICE_FAMILY = "1,2";
			};
			name = Release;
		};
/* End XCBuildConfiguration section */

/* Begin XCConfigurationList section */
		1383E9892BCE98D400660AE3 /* Build configuration list for PBXProject "videocall" */ = {
			isa = XCConfigurationList;
			buildConfigurations = (
				1383E9A02BCE98D500660AE3 /* Debug */,
				1383E9A12BCE98D500660AE3 /* Release */,
			);
			defaultConfigurationIsVisible = 0;
			defaultConfigurationName = Release;
		};
		1383E9A22BCE98D500660AE3 /* Build configuration list for PBXNativeTarget "videocall" */ = {
			isa = XCConfigurationList;
			buildConfigurations = (
				1383E9A32BCE98D500660AE3 /* Debug */,
				1383E9A42BCE98D500660AE3 /* Release */,
			);
			defaultConfigurationIsVisible = 0;
			defaultConfigurationName = Release;
		};
/* End XCConfigurationList section */

/* Begin XCRemoteSwiftPackageReference section */
		1389283E2BD67CFE00E94AD2 /* XCRemoteSwiftPackageReference "AgoraRtcEngine_iOS" */ = {
			isa = XCRemoteSwiftPackageReference;
			repositoryURL = "https://github.com/AgoraIO/AgoraRtcEngine_iOS";
			requirement = {
				kind = upToNextMinorVersion;
				minimumVersion = 4.3.0;
			};
		};
		13D24FC02BF632760016E5A6 /* XCRemoteSwiftPackageReference "BNBSdkApi" */ = {
			isa = XCRemoteSwiftPackageReference;
			repositoryURL = "https://github.com/sdk-banuba/BNBSdkApi";
			requirement = {
				kind = upToNextMinorVersion;
				minimumVersion = 1.13.0;
			};
		};
		13D24FC32BF632830016E5A6 /* XCRemoteSwiftPackageReference "BNBFaceTracker" */ = {
			isa = XCRemoteSwiftPackageReference;
			repositoryURL = "https://github.com/sdk-banuba/BNBFaceTracker";
			requirement = {
				kind = upToNextMinorVersion;
				minimumVersion = 1.13.0;
			};
		};
		13D24FC62BF6328D0016E5A6 /* XCRemoteSwiftPackageReference "BNBBackground" */ = {
			isa = XCRemoteSwiftPackageReference;
			repositoryURL = "https://github.com/sdk-banuba/BNBBackground";
			requirement = {
				kind = upToNextMinorVersion;
				minimumVersion = 1.13.0;
			};
		};
		13D24FC92BF6330B0016E5A6 /* XCRemoteSwiftPackageReference "BNBLips" */ = {
			isa = XCRemoteSwiftPackageReference;
			repositoryURL = "https://github.com/sdk-banuba/BNBLips";
			requirement = {
				kind = upToNextMinorVersion;
				minimumVersion = 1.13.0;
			};
		};
/* End XCRemoteSwiftPackageReference section */

/* Begin XCSwiftPackageProductDependency section */
		1389283F2BD67CFE00E94AD2 /* AIAEC */ = {
			isa = XCSwiftPackageProductDependency;
			package = 1389283E2BD67CFE00E94AD2 /* XCRemoteSwiftPackageReference "AgoraRtcEngine_iOS" */;
			productName = AIAEC;
		};
		138928412BD67CFE00E94AD2 /* AINS */ = {
			isa = XCSwiftPackageProductDependency;
			package = 1389283E2BD67CFE00E94AD2 /* XCRemoteSwiftPackageReference "AgoraRtcEngine_iOS" */;
			productName = AINS;
		};
		138928432BD67CFE00E94AD2 /* AudioBeauty */ = {
			isa = XCSwiftPackageProductDependency;
			package = 1389283E2BD67CFE00E94AD2 /* XCRemoteSwiftPackageReference "AgoraRtcEngine_iOS" */;
			productName = AudioBeauty;
		};
		138928452BD67CFE00E94AD2 /* ClearVision */ = {
			isa = XCSwiftPackageProductDependency;
			package = 1389283E2BD67CFE00E94AD2 /* XCRemoteSwiftPackageReference "AgoraRtcEngine_iOS" */;
			productName = ClearVision;
		};
		138928472BD67CFE00E94AD2 /* ContentInspect */ = {
			isa = XCSwiftPackageProductDependency;
			package = 1389283E2BD67CFE00E94AD2 /* XCRemoteSwiftPackageReference "AgoraRtcEngine_iOS" */;
			productName = ContentInspect;
		};
		138928492BD67CFE00E94AD2 /* FaceCapture */ = {
			isa = XCSwiftPackageProductDependency;
			package = 1389283E2BD67CFE00E94AD2 /* XCRemoteSwiftPackageReference "AgoraRtcEngine_iOS" */;
			productName = FaceCapture;
		};
		1389284B2BD67CFE00E94AD2 /* FaceDetection */ = {
			isa = XCSwiftPackageProductDependency;
			package = 1389283E2BD67CFE00E94AD2 /* XCRemoteSwiftPackageReference "AgoraRtcEngine_iOS" */;
			productName = FaceDetection;
		};
		1389284D2BD67CFE00E94AD2 /* ReplayKit */ = {
			isa = XCSwiftPackageProductDependency;
			package = 1389283E2BD67CFE00E94AD2 /* XCRemoteSwiftPackageReference "AgoraRtcEngine_iOS" */;
			productName = ReplayKit;
		};
		1389284F2BD67CFE00E94AD2 /* RtcBasic */ = {
			isa = XCSwiftPackageProductDependency;
			package = 1389283E2BD67CFE00E94AD2 /* XCRemoteSwiftPackageReference "AgoraRtcEngine_iOS" */;
			productName = RtcBasic;
		};
		138928512BD67CFE00E94AD2 /* SpatialAudio */ = {
			isa = XCSwiftPackageProductDependency;
			package = 1389283E2BD67CFE00E94AD2 /* XCRemoteSwiftPackageReference "AgoraRtcEngine_iOS" */;
			productName = SpatialAudio;
		};
		138928532BD67CFE00E94AD2 /* VQA */ = {
			isa = XCSwiftPackageProductDependency;
			package = 1389283E2BD67CFE00E94AD2 /* XCRemoteSwiftPackageReference "AgoraRtcEngine_iOS" */;
			productName = VQA;
		};
		138928552BD67CFE00E94AD2 /* VideoAv1CodecDec */ = {
			isa = XCSwiftPackageProductDependency;
			package = 1389283E2BD67CFE00E94AD2 /* XCRemoteSwiftPackageReference "AgoraRtcEngine_iOS" */;
			productName = VideoAv1CodecDec;
		};
		138928572BD67CFE00E94AD2 /* VideoCodecDec */ = {
			isa = XCSwiftPackageProductDependency;
			package = 1389283E2BD67CFE00E94AD2 /* XCRemoteSwiftPackageReference "AgoraRtcEngine_iOS" */;
			productName = VideoCodecDec;
		};
		138928592BD67CFE00E94AD2 /* VideoCodecEnc */ = {
			isa = XCSwiftPackageProductDependency;
			package = 1389283E2BD67CFE00E94AD2 /* XCRemoteSwiftPackageReference "AgoraRtcEngine_iOS" */;
			productName = VideoCodecEnc;
		};
		1389285B2BD67CFE00E94AD2 /* VirtualBackground */ = {
			isa = XCSwiftPackageProductDependency;
			package = 1389283E2BD67CFE00E94AD2 /* XCRemoteSwiftPackageReference "AgoraRtcEngine_iOS" */;
			productName = VirtualBackground;
		};
		13D24FC12BF632760016E5A6 /* BNBSdkApi */ = {
			isa = XCSwiftPackageProductDependency;
			package = 13D24FC02BF632760016E5A6 /* XCRemoteSwiftPackageReference "BNBSdkApi" */;
			productName = BNBSdkApi;
		};
		13D24FC42BF632830016E5A6 /* BNBFaceTracker */ = {
			isa = XCSwiftPackageProductDependency;
			package = 13D24FC32BF632830016E5A6 /* XCRemoteSwiftPackageReference "BNBFaceTracker" */;
			productName = BNBFaceTracker;
		};
		13D24FC72BF6328D0016E5A6 /* BNBBackground */ = {
			isa = XCSwiftPackageProductDependency;
			package = 13D24FC62BF6328D0016E5A6 /* XCRemoteSwiftPackageReference "BNBBackground" */;
			productName = BNBBackground;
		};
		13D24FCA2BF6330B0016E5A6 /* BNBLips */ = {
			isa = XCSwiftPackageProductDependency;
			package = 13D24FC92BF6330B0016E5A6 /* XCRemoteSwiftPackageReference "BNBLips" */;
			productName = BNBLips;
		};
/* End XCSwiftPackageProductDependency section */
	};
	rootObject = 1383E9862BCE98D400660AE3 /* Project object */;
}
