{
  "pins" : [
    {
      "identity" : "bnbeffectplayer",
      "kind" : "remoteSourceControl",
      "location" : "https://github.com/sdk-banuba/BNBEffectPlayer.git",
      "state" : {
        "revision" : "4abc9c5795602a24ea33cbe66c2980d80a840ec5",
        "version" : "1.17.0"
      }
    },
    {
      "identity" : "bnbeyes",
      "kind" : "remoteSourceControl",
      "location" : "https://github.com/sdk-banuba/BNBEyes.git",
      "state" : {
        "revision" : "cae6e3f4007023ffb1e0d4dd1fbfa37d173df506",
        "version" : "1.17.0"
      }
    },
    {
      "identity" : "bnbfacetracker",
      "kind" : "remoteSourceControl",
      "location" : "https://github.com/sdk-banuba/BNBFaceTracker.git",
      "state" : {
        "revision" : "bdb2d30444748a86082c3f7a6358316b9a19ed1a",
        "version" : "1.17.0"
      }
    },
    {
      "identity" : "bnbhair",
      "kind" : "remoteSourceControl",
      "location" : "https://github.com/sdk-banuba/BNBHair.git",
      "state" : {
        "revision" : "078287f496499d233a4e4feb0e832d61e20e33cc",
        "version" : "1.17.0"
      }
    },
    {
      "identity" : "bnblips",
      "kind" : "remoteSourceControl",
      "location" : "https://github.com/sdk-banuba/BNBLips.git",
      "state" : {
        "revision" : "fea3d42380313e4fe99fa8be2d12390723acf5c0",
        "version" : "1.17.0"
      }
    },
    {
      "identity" : "bnbscripting",
      "kind" : "remoteSourceControl",
      "location" : "https://github.com/sdk-banuba/BNBScripting.git",
      "state" : {
        "revision" : "0f057c839c3491682893bc8bb785c145b3f8925c",
        "version" : "1.17.0"
      }
    },
    {
      "identity" : "bnbsdkapi",
      "kind" : "remoteSourceControl",
      "location" : "https://github.com/sdk-banuba/BNBSdkApi.git",
      "state" : {
        "revision" : "7659a7aee61cc065359937781e13c8d89cf38c2d",
        "version" : "1.17.0"
      }
    },
    {
      "identity" : "bnbsdkcore",
      "kind" : "remoteSourceControl",
      "location" : "https://github.com/sdk-banuba/BNBSdkCore.git",
      "state" : {
        "revision" : "811278aeee0536ee6930fa94e6df8c469db23248",
        "version" : "1.17.0"
      }
    }
  ],
  "version" : 3
}
