// !$*UTF8*$!
{
	archiveVersion = 1;
	classes = {
	};
	objectVersion = 56;
	objects = {

/* Begin PBXBuildFile section */
		1383E9962BCE98D400660AE3 /* ViewController.swift in Sources */ = {isa = PBXBuildFile; fileRef = 1383E9952BCE98D400660AE3 /* ViewController.swift */; };
		1383E9992BCE98D400660AE3 /* Main.storyboard in Resources */ = {isa = PBXBuildFile; fileRef = 1383E9972BCE98D400660AE3 /* Main.storyboard */; };
		1383E9B72BCE9FFF00660AE3 /* LaunchScreen.storyboard in Resources */ = {isa = PBXBuildFile; fileRef = 1383E9B52BCE9FFF00660AE3 /* LaunchScreen.storyboard */; };
		1383E9B92BCEA02300660AE3 /* libcommon.a in Frameworks */ = {isa = PBXBuildFile; fileRef = 1383E9AF2BCE9F5500660AE3 /* libcommon.a */; };
		1383E9C22BCEA5F300660AE3 /* BanubaSdk in Frameworks */ = {isa = PBXBuildFile; productRef = 1383E9C12BCEA5F300660AE3 /* BanubaSdk */; };
		13C1F94C2BD7BCD30081676C /* effects in Resources */ = {isa = PBXBuildFile; fileRef = 13C1F94B2BD7BCD30081676C /* effects */; };
		13C1F9512BD7DA290081676C /* EffectPreviewCell.swift in Sources */ = {isa = PBXBuildFile; fileRef = 13C1F94E2BD7DA290081676C /* EffectPreviewCell.swift */; };
		13C1F9522BD7DA290081676C /* EffectPreviewCell.xib in Resources */ = {isa = PBXBuildFile; fileRef = 13C1F94F2BD7DA290081676C /* EffectPreviewCell.xib */; };
		13C1F9532BD7DA290081676C /* ReusableCell.swift in Sources */ = {isa = PBXBuildFile; fileRef = 13C1F9502BD7DA290081676C /* ReusableCell.swift */; };
		13C1F9582BD7DBC50081676C /* EffectConfig.swift in Sources */ = {isa = PBXBuildFile; fileRef = 13C1F9562BD7DBC50081676C /* EffectConfig.swift */; };
		13C1F95E2BD7DF7F0081676C /* UIColor+Utils.swift in Sources */ = {isa = PBXBuildFile; fileRef = 13C1F95C2BD7DF7F0081676C /* UIColor+Utils.swift */; };
		13C1F95F2BD7DF7F0081676C /* UICollectionView+Extension.swift in Sources */ = {isa = PBXBuildFile; fileRef = 13C1F95D2BD7DF7F0081676C /* UICollectionView+Extension.swift */; };
/* End PBXBuildFile section */

/* Begin PBXContainerItemProxy section */
		1383E9AE2BCE9F5500660AE3 /* PBXContainerItemProxy */ = {
			isa = PBXContainerItemProxy;
			containerPortal = 1383E9A52BCE9F5100660AE3 /* common.xcodeproj */;
			proxyType = 2;
			remoteGlobalIDString = 1383E97B2BCE968400660AE3;
			remoteInfo = common;
		};
/* End PBXContainerItemProxy section */

/* Begin PBXFileReference section */
		1383E98E2BCE98D400660AE3 /* hands.app */ = {isa = PBXFileReference; explicitFileType = wrapper.application; includeInIndex = 0; path = hands.app; sourceTree = BUILT_PRODUCTS_DIR; };
		1383E9952BCE98D400660AE3 /* ViewController.swift */ = {isa = PBXFileReference; lastKnownFileType = sourcecode.swift; path = ViewController.swift; sourceTree = "<group>"; };
		1383E9982BCE98D400660AE3 /* Base */ = {isa = PBXFileReference; lastKnownFileType = file.storyboard; name = Base; path = Base.lproj/Main.storyboard; sourceTree = "<group>"; };
		1383E99F2BCE98D500660AE3 /* Info.plist */ = {isa = PBXFileReference; lastKnownFileType = text.plist.xml; path = Info.plist; sourceTree = "<group>"; };
		1383E9A52BCE9F5100660AE3 /* common.xcodeproj */ = {isa = PBXFileReference; lastKnownFileType = "wrapper.pb-project"; name = common.xcodeproj; path = ../common/common.xcodeproj; sourceTree = "<group>"; };
		1383E9B62BCE9FFF00660AE3 /* Base */ = {isa = PBXFileReference; lastKnownFileType = file.storyboard; name = Base; path = ../../common/common/Base.lproj/LaunchScreen.storyboard; sourceTree = "<group>"; };
		13C1F94B2BD7BCD30081676C /* effects */ = {isa = PBXFileReference; lastKnownFileType = folder; path = effects; sourceTree = "<group>"; };
		13C1F94E2BD7DA290081676C /* EffectPreviewCell.swift */ = {isa = PBXFileReference; fileEncoding = 4; lastKnownFileType = sourcecode.swift; path = EffectPreviewCell.swift; sourceTree = "<group>"; };
		13C1F94F2BD7DA290081676C /* EffectPreviewCell.xib */ = {isa = PBXFileReference; fileEncoding = 4; lastKnownFileType = file.xib; path = EffectPreviewCell.xib; sourceTree = "<group>"; };
		13C1F9502BD7DA290081676C /* ReusableCell.swift */ = {isa = PBXFileReference; fileEncoding = 4; lastKnownFileType = sourcecode.swift; path = ReusableCell.swift; sourceTree = "<group>"; };
		13C1F9562BD7DBC50081676C /* EffectConfig.swift */ = {isa = PBXFileReference; fileEncoding = 4; lastKnownFileType = sourcecode.swift; path = EffectConfig.swift; sourceTree = "<group>"; };
		13C1F95C2BD7DF7F0081676C /* UIColor+Utils.swift */ = {isa = PBXFileReference; fileEncoding = 4; lastKnownFileType = sourcecode.swift; path = "UIColor+Utils.swift"; sourceTree = "<group>"; };
		13C1F95D2BD7DF7F0081676C /* UICollectionView+Extension.swift */ = {isa = PBXFileReference; fileEncoding = 4; lastKnownFileType = sourcecode.swift; path = "UICollectionView+Extension.swift"; sourceTree = "<group>"; };
/* End PBXFileReference section */

/* Begin PBXFrameworksBuildPhase section */
		1383E98B2BCE98D400660AE3 /* Frameworks */ = {
			isa = PBXFrameworksBuildPhase;
			buildActionMask = 2147483647;
			files = (
				1383E9C22BCEA5F300660AE3 /* BanubaSdk in Frameworks */,
				1383E9B92BCEA02300660AE3 /* libcommon.a in Frameworks */,
			);
			runOnlyForDeploymentPostprocessing = 0;
		};
/* End PBXFrameworksBuildPhase section */

/* Begin PBXGroup section */
		1383E9852BCE98D400660AE3 = {
			isa = PBXGroup;
			children = (
				1383E9A52BCE9F5100660AE3 /* common.xcodeproj */,
				1383E9902BCE98D400660AE3 /* hands */,
				1383E98F2BCE98D400660AE3 /* Products */,
				1383E9B82BCEA02300660AE3 /* Frameworks */,
			);
			sourceTree = "<group>";
		};
		1383E98F2BCE98D400660AE3 /* Products */ = {
			isa = PBXGroup;
			children = (
				1383E98E2BCE98D400660AE3 /* hands.app */,
			);
			name = Products;
			sourceTree = "<group>";
		};
		1383E9902BCE98D400660AE3 /* hands */ = {
			isa = PBXGroup;
			children = (
				13C1F94B2BD7BCD30081676C /* effects */,
				1383E9952BCE98D400660AE3 /* ViewController.swift */,
				13C1F95B2BD7DF7F0081676C /* Helpers */,
				13C1F9542BD7DBC50081676C /* Models */,
				13C1F94D2BD7DA290081676C /* Cells */,
				1383E9B52BCE9FFF00660AE3 /* LaunchScreen.storyboard */,
				1383E9972BCE98D400660AE3 /* Main.storyboard */,
				1383E99F2BCE98D500660AE3 /* Info.plist */,
			);
			path = hands;
			sourceTree = "<group>";
		};
		1383E9AB2BCE9F5500660AE3 /* Products */ = {
			isa = PBXGroup;
			children = (
				1383E9AF2BCE9F5500660AE3 /* libcommon.a */,
			);
			name = Products;
			sourceTree = "<group>";
		};
		1383E9B82BCEA02300660AE3 /* Frameworks */ = {
			isa = PBXGroup;
			children = (
			);
			name = Frameworks;
			sourceTree = "<group>";
		};
		13C1F94D2BD7DA290081676C /* Cells */ = {
			isa = PBXGroup;
			children = (
				13C1F94E2BD7DA290081676C /* EffectPreviewCell.swift */,
				13C1F94F2BD7DA290081676C /* EffectPreviewCell.xib */,
				13C1F9502BD7DA290081676C /* ReusableCell.swift */,
			);
			name = Cells;
			path = ../../common/common/Cells;
			sourceTree = "<group>";
		};
		13C1F9542BD7DBC50081676C /* Models */ = {
			isa = PBXGroup;
			children = (
				13C1F9562BD7DBC50081676C /* EffectConfig.swift */,
			);
			name = Models;
			path = ../../common/common/Models;
			sourceTree = "<group>";
		};
		13C1F95B2BD7DF7F0081676C /* Helpers */ = {
			isa = PBXGroup;
			children = (
				13C1F95C2BD7DF7F0081676C /* UIColor+Utils.swift */,
				13C1F95D2BD7DF7F0081676C /* UICollectionView+Extension.swift */,
			);
			name = Helpers;
			path = ../../common/common/Helpers;
			sourceTree = "<group>";
		};
/* End PBXGroup section */

/* Begin PBXNativeTarget section */
		1383E98D2BCE98D400660AE3 /* hands */ = {
			isa = PBXNativeTarget;
			buildConfigurationList = 1383E9A22BCE98D500660AE3 /* Build configuration list for PBXNativeTarget "hands" */;
			buildPhases = (
				1383E98A2BCE98D400660AE3 /* Sources */,
				1383E98B2BCE98D400660AE3 /* Frameworks */,
				1383E98C2BCE98D400660AE3 /* Resources */,
			);
			buildRules = (
			);
			dependencies = (
			);
			name = hands;
			packageProductDependencies = (
				1383E9C12BCEA5F300660AE3 /* BanubaSdk */,
			);
			productName = camera;
			productReference = 1383E98E2BCE98D400660AE3 /* hands.app */;
			productType = "com.apple.product-type.application";
		};
/* End PBXNativeTarget section */

/* Begin PBXProject section */
		1383E9862BCE98D400660AE3 /* Project object */ = {
			isa = PBXProject;
			attributes = {
				BuildIndependentTargetsInParallel = 1;
				LastSwiftUpdateCheck = 1520;
				LastUpgradeCheck = 1520;
				TargetAttributes = {
					1383E98D2BCE98D400660AE3 = {
						CreatedOnToolsVersion = 15.2;
					};
				};
			};
			buildConfigurationList = 1383E9892BCE98D400660AE3 /* Build configuration list for PBXProject "hands" */;
			compatibilityVersion = "Xcode 14.0";
			developmentRegion = en;
			hasScannedForEncodings = 0;
			knownRegions = (
				en,
				Base,
			);
			mainGroup = 1383E9852BCE98D400660AE3;
			packageReferences = (
				1383E9C02BCEA5F300660AE3 /* XCRemoteSwiftPackageReference "BanubaSdk" */,
			);
			productRefGroup = 1383E98F2BCE98D400660AE3 /* Products */;
			projectDirPath = "";
			projectReferences = (
				{
					ProductGroup = 1383E9AB2BCE9F5500660AE3 /* Products */;
					ProjectRef = 1383E9A52BCE9F5100660AE3 /* common.xcodeproj */;
				},
			);
			projectRoot = "";
			targets = (
				1383E98D2BCE98D400660AE3 /* hands */,
			);
		};
/* End PBXProject section */

/* Begin PBXReferenceProxy section */
		1383E9AF2BCE9F5500660AE3 /* libcommon.a */ = {
			isa = PBXReferenceProxy;
			fileType = archive.ar;
			path = libcommon.a;
			remoteRef = 1383E9AE2BCE9F5500660AE3 /* PBXContainerItemProxy */;
			sourceTree = BUILT_PRODUCTS_DIR;
		};
/* End PBXReferenceProxy section */

/* Begin PBXResourcesBuildPhase section */
		1383E98C2BCE98D400660AE3 /* Resources */ = {
			isa = PBXResourcesBuildPhase;
			buildActionMask = 2147483647;
			files = (
				13C1F94C2BD7BCD30081676C /* effects in Resources */,
				13C1F9522BD7DA290081676C /* EffectPreviewCell.xib in Resources */,
				1383E9992BCE98D400660AE3 /* Main.storyboard in Resources */,
				1383E9B72BCE9FFF00660AE3 /* LaunchScreen.storyboard in Resources */,
			);
			runOnlyForDeploymentPostprocessing = 0;
		};
/* End PBXResourcesBuildPhase section */

/* Begin PBXSourcesBuildPhase section */
		1383E98A2BCE98D400660AE3 /* Sources */ = {
			isa = PBXSourcesBuildPhase;
			buildActionMask = 2147483647;
			files = (
				13C1F9582BD7DBC50081676C /* EffectConfig.swift in Sources */,
				13C1F95F2BD7DF7F0081676C /* UICollectionView+Extension.swift in Sources */,
				1383E9962BCE98D400660AE3 /* ViewController.swift in Sources */,
				13C1F9512BD7DA290081676C /* EffectPreviewCell.swift in Sources */,
				13C1F95E2BD7DF7F0081676C /* UIColor+Utils.swift in Sources */,
				13C1F9532BD7DA290081676C /* ReusableCell.swift in Sources */,
			);
			runOnlyForDeploymentPostprocessing = 0;
		};
/* End PBXSourcesBuildPhase section */

/* Begin PBXVariantGroup section */
		1383E9972BCE98D400660AE3 /* Main.storyboard */ = {
			isa = PBXVariantGroup;
			children = (
				1383E9982BCE98D400660AE3 /* Base */,
			);
			name = Main.storyboard;
			sourceTree = "<group>";
		};
		1383E9B52BCE9FFF00660AE3 /* LaunchScreen.storyboard */ = {
			isa = PBXVariantGroup;
			children = (
				1383E9B62BCE9FFF00660AE3 /* Base */,
			);
			name = LaunchScreen.storyboard;
			sourceTree = "<group>";
		};
/* End PBXVariantGroup section */

/* Begin XCBuildConfiguration section */
		1383E9A02BCE98D500660AE3 /* Debug */ = {
			isa = XCBuildConfiguration;
			buildSettings = {
				ALWAYS_SEARCH_USER_PATHS = NO;
				ASSETCATALOG_COMPILER_GENERATE_SWIFT_ASSET_SYMBOL_EXTENSIONS = YES;
				CLANG_ANALYZER_NONNULL = YES;
				CLANG_ANALYZER_NUMBER_OBJECT_CONVERSION = YES_AGGRESSIVE;
				CLANG_CXX_LANGUAGE_STANDARD = "gnu++20";
				CLANG_ENABLE_MODULES = YES;
				CLANG_ENABLE_OBJC_ARC = YES;
				CLANG_ENABLE_OBJC_WEAK = YES;
				CLANG_WARN_BLOCK_CAPTURE_AUTORELEASING = YES;
				CLANG_WARN_BOOL_CONVERSION = YES;
				CLANG_WARN_COMMA = YES;
				CLANG_WARN_CONSTANT_CONVERSION = YES;
				CLANG_WARN_DEPRECATED_OBJC_IMPLEMENTATIONS = YES;
				CLANG_WARN_DIRECT_OBJC_ISA_USAGE = YES_ERROR;
				CLANG_WARN_DOCUMENTATION_COMMENTS = YES;
				CLANG_WARN_EMPTY_BODY = YES;
				CLANG_WARN_ENUM_CONVERSION = YES;
				CLANG_WARN_INFINITE_RECURSION = YES;
				CLANG_WARN_INT_CONVERSION = YES;
				CLANG_WARN_NON_LITERAL_NULL_CONVERSION = YES;
				CLANG_WARN_OBJC_IMPLICIT_RETAIN_SELF = YES;
				CLANG_WARN_OBJC_LITERAL_CONVERSION = YES;
				CLANG_WARN_OBJC_ROOT_CLASS = YES_ERROR;
				CLANG_WARN_QUOTED_INCLUDE_IN_FRAMEWORK_HEADER = YES;
				CLANG_WARN_RANGE_LOOP_ANALYSIS = YES;
				CLANG_WARN_STRICT_PROTOTYPES = YES;
				CLANG_WARN_SUSPICIOUS_MOVE = YES;
				CLANG_WARN_UNGUARDED_AVAILABILITY = YES_AGGRESSIVE;
				CLANG_WARN_UNREACHABLE_CODE = YES;
				CLANG_WARN__DUPLICATE_METHOD_MATCH = YES;
				COPY_PHASE_STRIP = NO;
				DEBUG_INFORMATION_FORMAT = dwarf;
				ENABLE_STRICT_OBJC_MSGSEND = YES;
				ENABLE_TESTABILITY = YES;
				ENABLE_USER_SCRIPT_SANDBOXING = YES;
				GCC_C_LANGUAGE_STANDARD = gnu17;
				GCC_DYNAMIC_NO_PIC = NO;
				GCC_NO_COMMON_BLOCKS = YES;
				GCC_OPTIMIZATION_LEVEL = 0;
				GCC_PREPROCESSOR_DEFINITIONS = (
					"DEBUG=1",
					"$(inherited)",
				);
				GCC_WARN_64_TO_32_BIT_CONVERSION = YES;
				GCC_WARN_ABOUT_RETURN_TYPE = YES_ERROR;
				GCC_WARN_UNDECLARED_SELECTOR = YES;
				GCC_WARN_UNINITIALIZED_AUTOS = YES_AGGRESSIVE;
				GCC_WARN_UNUSED_FUNCTION = YES;
				GCC_WARN_UNUSED_VARIABLE = YES;
				IPHONEOS_DEPLOYMENT_TARGET = 14.0;
				LOCALIZATION_PREFERS_STRING_CATALOGS = YES;
				MTL_ENABLE_DEBUG_INFO = INCLUDE_SOURCE;
				MTL_FAST_MATH = YES;
				ONLY_ACTIVE_ARCH = YES;
				SDKROOT = iphoneos;
				SWIFT_ACTIVE_COMPILATION_CONDITIONS = "DEBUG $(inherited)";
				SWIFT_OPTIMIZATION_LEVEL = "-Onone";
			};
			name = Debug;
		};
		1383E9A12BCE98D500660AE3 /* Release */ = {
			isa = XCBuildConfiguration;
			buildSettings = {
				ALWAYS_SEARCH_USER_PATHS = NO;
				ASSETCATALOG_COMPILER_GENERATE_SWIFT_ASSET_SYMBOL_EXTENSIONS = YES;
				CLANG_ANALYZER_NONNULL = YES;
				CLANG_ANALYZER_NUMBER_OBJECT_CONVERSION = YES_AGGRESSIVE;
				CLANG_CXX_LANGUAGE_STANDARD = "gnu++20";
				CLANG_ENABLE_MODULES = YES;
				CLANG_ENABLE_OBJC_ARC = YES;
				CLANG_ENABLE_OBJC_WEAK = YES;
				CLANG_WARN_BLOCK_CAPTURE_AUTORELEASING = YES;
				CLANG_WARN_BOOL_CONVERSION = YES;
				CLANG_WARN_COMMA = YES;
				CLANG_WARN_CONSTANT_CONVERSION = YES;
				CLANG_WARN_DEPRECATED_OBJC_IMPLEMENTATIONS = YES;
				CLANG_WARN_DIRECT_OBJC_ISA_USAGE = YES_ERROR;
				CLANG_WARN_DOCUMENTATION_COMMENTS = YES;
				CLANG_WARN_EMPTY_BODY = YES;
				CLANG_WARN_ENUM_CONVERSION = YES;
				CLANG_WARN_INFINITE_RECURSION = YES;
				CLANG_WARN_INT_CONVERSION = YES;
				CLANG_WARN_NON_LITERAL_NULL_CONVERSION = YES;
				CLANG_WARN_OBJC_IMPLICIT_RETAIN_SELF = YES;
				CLANG_WARN_OBJC_LITERAL_CONVERSION = YES;
				CLANG_WARN_OBJC_ROOT_CLASS = YES_ERROR;
				CLANG_WARN_QUOTED_INCLUDE_IN_FRAMEWORK_HEADER = YES;
				CLANG_WARN_RANGE_LOOP_ANALYSIS = YES;
				CLANG_WARN_STRICT_PROTOTYPES = YES;
				CLANG_WARN_SUSPICIOUS_MOVE = YES;
				CLANG_WARN_UNGUARDED_AVAILABILITY = YES_AGGRESSIVE;
				CLANG_WARN_UNREACHABLE_CODE = YES;
				CLANG_WARN__DUPLICATE_METHOD_MATCH = YES;
				COPY_PHASE_STRIP = NO;
				DEBUG_INFORMATION_FORMAT = "dwarf-with-dsym";
				ENABLE_NS_ASSERTIONS = NO;
				ENABLE_STRICT_OBJC_MSGSEND = YES;
				ENABLE_USER_SCRIPT_SANDBOXING = YES;
				GCC_C_LANGUAGE_STANDARD = gnu17;
				GCC_NO_COMMON_BLOCKS = YES;
				GCC_WARN_64_TO_32_BIT_CONVERSION = YES;
				GCC_WARN_ABOUT_RETURN_TYPE = YES_ERROR;
				GCC_WARN_UNDECLARED_SELECTOR = YES;
				GCC_WARN_UNINITIALIZED_AUTOS = YES_AGGRESSIVE;
				GCC_WARN_UNUSED_FUNCTION = YES;
				GCC_WARN_UNUSED_VARIABLE = YES;
				IPHONEOS_DEPLOYMENT_TARGET = 14.0;
				LOCALIZATION_PREFERS_STRING_CATALOGS = YES;
				MTL_ENABLE_DEBUG_INFO = NO;
				MTL_FAST_MATH = YES;
				SDKROOT = iphoneos;
				SWIFT_COMPILATION_MODE = wholemodule;
				VALIDATE_PRODUCT = YES;
			};
			name = Release;
		};
		1383E9A32BCE98D500660AE3 /* Debug */ = {
			isa = XCBuildConfiguration;
			buildSettings = {
				ASSETCATALOG_COMPILER_APPICON_NAME = AppIcon;
				ASSETCATALOG_COMPILER_GLOBAL_ACCENT_COLOR_NAME = AccentColor;
				CODE_SIGN_STYLE = Automatic;
				CURRENT_PROJECT_VERSION = 1;
				DEVELOPMENT_TEAM = NEWUB88C7M;
				GENERATE_INFOPLIST_FILE = YES;
				INFOPLIST_FILE = hands/Info.plist;
				INFOPLIST_KEY_NSCameraUsageDescription = "We use Camera to create AR effects";
				INFOPLIST_KEY_UIApplicationSupportsIndirectInputEvents = YES;
				INFOPLIST_KEY_UILaunchStoryboardName = LaunchScreen.storyboard;
				INFOPLIST_KEY_UIMainStoryboardFile = Main;
				INFOPLIST_KEY_UISupportedInterfaceOrientations_iPad = "UIInterfaceOrientationPortrait UIInterfaceOrientationPortraitUpsideDown UIInterfaceOrientationLandscapeLeft UIInterfaceOrientationLandscapeRight";
				INFOPLIST_KEY_UISupportedInterfaceOrientations_iPhone = "UIInterfaceOrientationPortrait UIInterfaceOrientationLandscapeLeft UIInterfaceOrientationLandscapeRight";
				LD_RUNPATH_SEARCH_PATHS = (
					"$(inherited)",
					"@executable_path/Frameworks",
				);
				MARKETING_VERSION = 1.0;
				PRODUCT_BUNDLE_IDENTIFIER = com.banuba.sdk.hands;
				PRODUCT_NAME = "$(TARGET_NAME)";
				SWIFT_EMIT_LOC_STRINGS = YES;
				SWIFT_VERSION = 5.0;
				TARGETED_DEVICE_FAMILY = "1,2";
			};
			name = Debug;
		};
		1383E9A42BCE98D500660AE3 /* Release */ = {
			isa = XCBuildConfiguration;
			buildSettings = {
				ASSETCATALOG_COMPILER_APPICON_NAME = AppIcon;
				ASSETCATALOG_COMPILER_GLOBAL_ACCENT_COLOR_NAME = AccentColor;
				CODE_SIGN_STYLE = Automatic;
				CURRENT_PROJECT_VERSION = 1;
				DEVELOPMENT_TEAM = NEWUB88C7M;
				GENERATE_INFOPLIST_FILE = YES;
				INFOPLIST_FILE = hands/Info.plist;
				INFOPLIST_KEY_NSCameraUsageDescription = "We use Camera to create AR effects";
				INFOPLIST_KEY_UIApplicationSupportsIndirectInputEvents = YES;
				INFOPLIST_KEY_UILaunchStoryboardName = LaunchScreen.storyboard;
				INFOPLIST_KEY_UIMainStoryboardFile = Main;
				INFOPLIST_KEY_UISupportedInterfaceOrientations_iPad = "UIInterfaceOrientationPortrait UIInterfaceOrientationPortraitUpsideDown UIInterfaceOrientationLandscapeLeft UIInterfaceOrientationLandscapeRight";
				INFOPLIST_KEY_UISupportedInterfaceOrientations_iPhone = "UIInterfaceOrientationPortrait UIInterfaceOrientationLandscapeLeft UIInterfaceOrientationLandscapeRight";
				LD_RUNPATH_SEARCH_PATHS = (
					"$(inherited)",
					"@executable_path/Frameworks",
				);
				MARKETING_VERSION = 1.0;
				PRODUCT_BUNDLE_IDENTIFIER = com.banuba.sdk.hands;
				PRODUCT_NAME = "$(TARGET_NAME)";
				SWIFT_EMIT_LOC_STRINGS = YES;
				SWIFT_VERSION = 5.0;
				TARGETED_DEVICE_FAMILY = "1,2";
			};
			name = Release;
		};
/* End XCBuildConfiguration section */

/* Begin XCConfigurationList section */
		1383E9892BCE98D400660AE3 /* Build configuration list for PBXProject "hands" */ = {
			isa = XCConfigurationList;
			buildConfigurations = (
				1383E9A02BCE98D500660AE3 /* Debug */,
				1383E9A12BCE98D500660AE3 /* Release */,
			);
			defaultConfigurationIsVisible = 0;
			defaultConfigurationName = Release;
		};
		1383E9A22BCE98D500660AE3 /* Build configuration list for PBXNativeTarget "hands" */ = {
			isa = XCConfigurationList;
			buildConfigurations = (
				1383E9A32BCE98D500660AE3 /* Debug */,
				1383E9A42BCE98D500660AE3 /* Release */,
			);
			defaultConfigurationIsVisible = 0;
			defaultConfigurationName = Release;
		};
/* End XCConfigurationList section */

/* Begin XCRemoteSwiftPackageReference section */
		1383E9C02BCEA5F300660AE3 /* XCRemoteSwiftPackageReference "BanubaSdk" */ = {
			isa = XCRemoteSwiftPackageReference;
			repositoryURL = "https://github.com/sdk-banuba/BanubaSdk";
			requirement = {
				kind = upToNextMajorVersion;
				minimumVersion = 1.12.0;
			};
		};
/* End XCRemoteSwiftPackageReference section */

/* Begin XCSwiftPackageProductDependency section */
		1383E9C12BCEA5F300660AE3 /* BanubaSdk */ = {
			isa = XCSwiftPackageProductDependency;
			package = 1383E9C02BCEA5F300660AE3 /* XCRemoteSwiftPackageReference "BanubaSdk" */;
			productName = BanubaSdk;
		};
/* End XCSwiftPackageProductDependency section */
	};
	rootObject = 1383E9862BCE98D400660AE3 /* Project object */;
}
